// !$*UTF8*$!
{
	archiveVersion = 1;
	classes = {
	};
	objectVersion = 48;
	objects = {

/* Begin PBXBuildFile section */
		042436C61FC5B4C000609850 /* AppDelegate.m in Sources */ = {isa = PBXBuildFile; fileRef = 042436C51FC5B4C000609850 /* AppDelegate.m */; };
		042436C91FC5B4C000609850 /* ViewController.m in Sources */ = {isa = PBXBuildFile; fileRef = 042436C81FC5B4C000609850 /* ViewController.m */; };
		042436CC1FC5B4C000609850 /* Main.storyboard in Resources */ = {isa = PBXBuildFile; fileRef = 042436CA1FC5B4C000609850 /* Main.storyboard */; };
		042436CE1FC5B4C000609850 /* Assets.xcassets in Resources */ = {isa = PBXBuildFile; fileRef = 042436CD1FC5B4C000609850 /* Assets.xcassets */; };
		042436D11FC5B4C000609850 /* LaunchScreen.storyboard in Resources */ = {isa = PBXBuildFile; fileRef = 042436CF1FC5B4C000609850 /* LaunchScreen.storyboard */; };
		042436D41FC5B4C000609850 /* main.m in Sources */ = {isa = PBXBuildFile; fileRef = 042436D31FC5B4C000609850 /* main.m */; };
		042436DE1FC5B4C000609850 /* ProjectTests.m in Sources */ = {isa = PBXBuildFile; fileRef = 042436DD1FC5B4C000609850 /* ProjectTests.m */; };
		042436E91FC5B4C000609850 /* ProjectUITests.m in Sources */ = {isa = PBXBuildFile; fileRef = 042436E81FC5B4C000609850 /* ProjectUITests.m */; };
		0453160B1FD9513900EA6744 /* button.png in Resources */ = {isa = PBXBuildFile; fileRef = 0453160A1FD9513900EA6744 /* button.png */; };
		045316471FDA07AA00EA6744 /* MajorViewCell.xib in Resources */ = {isa = PBXBuildFile; fileRef = 045316311FDA07A800EA6744 /* MajorViewCell.xib */; };
		045316481FDA07AA00EA6744 /* KCAnnotation.m in Sources */ = {isa = PBXBuildFile; fileRef = 045316321FDA07A800EA6744 /* KCAnnotation.m */; };
		045316491FDA07AA00EA6744 /* KCMapModel.m in Sources */ = {isa = PBXBuildFile; fileRef = 045316331FDA07A800EA6744 /* KCMapModel.m */; };
		0453164A1FDA07AA00EA6744 /* BBTabBarViewController.m in Sources */ = {isa = PBXBuildFile; fileRef = 045316351FDA07A800EA6744 /* BBTabBarViewController.m */; };
		0453164B1FDA07AA00EA6744 /* CourseViewController.m in Sources */ = {isa = PBXBuildFile; fileRef = 045316371FDA07A800EA6744 /* CourseViewController.m */; };
		0453164C1FDA07AA00EA6744 /* MajorViewCell.m in Sources */ = {isa = PBXBuildFile; fileRef = 0453163A1FDA07A900EA6744 /* MajorViewCell.m */; };
		0453164D1FDA07AA00EA6744 /* CourseViewCell.m in Sources */ = {isa = PBXBuildFile; fileRef = 0453163C1FDA07A900EA6744 /* CourseViewCell.m */; };
		0453164E1FDA07AA00EA6744 /* MapViewController.m in Sources */ = {isa = PBXBuildFile; fileRef = 0453163F1FDA07A900EA6744 /* MapViewController.m */; };
		0453164F1FDA07AA00EA6744 /* CourseViewCell.xib in Resources */ = {isa = PBXBuildFile; fileRef = 045316401FDA07A900EA6744 /* CourseViewCell.xib */; };
		045316501FDA07AA00EA6744 /* MajorViewController.m in Sources */ = {isa = PBXBuildFile; fileRef = 045316431FDA07A900EA6744 /* MajorViewController.m */; };
		045316511FDA07AA00EA6744 /* KCCalloutAnimationView.m in Sources */ = {isa = PBXBuildFile; fileRef = 045316441FDA07A900EA6744 /* KCCalloutAnimationView.m */; };
		045316521FDA07AA00EA6744 /* KCCalloutAnimation.m in Sources */ = {isa = PBXBuildFile; fileRef = 045316461FDA07AA00EA6744 /* KCCalloutAnimation.m */; };
		0481B9271FDA92C000EA683F /* moduleDetailModle.m in Sources */ = {isa = PBXBuildFile; fileRef = 0481B9261FDA92C000EA683F /* moduleDetailModle.m */; };
/* End PBXBuildFile section */

/* Begin PBXContainerItemProxy section */
		042436DA1FC5B4C000609850 /* PBXContainerItemProxy */ = {
			isa = PBXContainerItemProxy;
			containerPortal = 042436B91FC5B4C000609850 /* Project object */;
			proxyType = 1;
			remoteGlobalIDString = 042436C01FC5B4C000609850;
			remoteInfo = Project;
		};
		042436E51FC5B4C000609850 /* PBXContainerItemProxy */ = {
			isa = PBXContainerItemProxy;
			containerPortal = 042436B91FC5B4C000609850 /* Project object */;
			proxyType = 1;
			remoteGlobalIDString = 042436C01FC5B4C000609850;
			remoteInfo = Project;
		};
/* End PBXContainerItemProxy section */

/* Begin PBXFileReference section */
		042436C11FC5B4C000609850 /* Project.app */ = {isa = PBXFileReference; explicitFileType = wrapper.application; includeInIndex = 0; path = Project.app; sourceTree = BUILT_PRODUCTS_DIR; };
		042436C41FC5B4C000609850 /* AppDelegate.h */ = {isa = PBXFileReference; lastKnownFileType = sourcecode.c.h; path = AppDelegate.h; sourceTree = "<group>"; };
		042436C51FC5B4C000609850 /* AppDelegate.m */ = {isa = PBXFileReference; lastKnownFileType = sourcecode.c.objc; path = AppDelegate.m; sourceTree = "<group>"; };
		042436C71FC5B4C000609850 /* ViewController.h */ = {isa = PBXFileReference; lastKnownFileType = sourcecode.c.h; path = ViewController.h; sourceTree = "<group>"; };
		042436C81FC5B4C000609850 /* ViewController.m */ = {isa = PBXFileReference; lastKnownFileType = sourcecode.c.objc; path = ViewController.m; sourceTree = "<group>"; };
		042436CB1FC5B4C000609850 /* Base */ = {isa = PBXFileReference; lastKnownFileType = file.storyboard; name = Base; path = Base.lproj/Main.storyboard; sourceTree = "<group>"; };
		042436CD1FC5B4C000609850 /* Assets.xcassets */ = {isa = PBXFileReference; lastKnownFileType = folder.assetcatalog; path = Assets.xcassets; sourceTree = "<group>"; };
		042436D01FC5B4C000609850 /* Base */ = {isa = PBXFileReference; lastKnownFileType = file.storyboard; name = Base; path = Base.lproj/LaunchScreen.storyboard; sourceTree = "<group>"; };
		042436D21FC5B4C000609850 /* Info.plist */ = {isa = PBXFileReference; lastKnownFileType = text.plist.xml; path = Info.plist; sourceTree = "<group>"; };
		042436D31FC5B4C000609850 /* main.m */ = {isa = PBXFileReference; lastKnownFileType = sourcecode.c.objc; path = main.m; sourceTree = "<group>"; };
		042436D91FC5B4C000609850 /* ProjectTests.xctest */ = {isa = PBXFileReference; explicitFileType = wrapper.cfbundle; includeInIndex = 0; path = ProjectTests.xctest; sourceTree = BUILT_PRODUCTS_DIR; };
		042436DD1FC5B4C000609850 /* ProjectTests.m */ = {isa = PBXFileReference; lastKnownFileType = sourcecode.c.objc; path = ProjectTests.m; sourceTree = "<group>"; };
		042436DF1FC5B4C000609850 /* Info.plist */ = {isa = PBXFileReference; lastKnownFileType = text.plist.xml; path = Info.plist; sourceTree = "<group>"; };
		042436E41FC5B4C000609850 /* ProjectUITests.xctest */ = {isa = PBXFileReference; explicitFileType = wrapper.cfbundle; includeInIndex = 0; path = ProjectUITests.xctest; sourceTree = BUILT_PRODUCTS_DIR; };
		042436E81FC5B4C000609850 /* ProjectUITests.m */ = {isa = PBXFileReference; lastKnownFileType = sourcecode.c.objc; path = ProjectUITests.m; sourceTree = "<group>"; };
		042436EA1FC5B4C000609850 /* Info.plist */ = {isa = PBXFileReference; lastKnownFileType = text.plist.xml; path = Info.plist; sourceTree = "<group>"; };
		0453160A1FD9513900EA6744 /* button.png */ = {isa = PBXFileReference; lastKnownFileType = image.png; path = button.png; sourceTree = "<group>"; };
		045316311FDA07A800EA6744 /* MajorViewCell.xib */ = {isa = PBXFileReference; fileEncoding = 4; lastKnownFileType = file.xib; name = MajorViewCell.xib; path = ../../../../../Downloads/SchoolApp/SchoolApp/MajorViewCell.xib; sourceTree = "<group>"; };
		045316321FDA07A800EA6744 /* KCAnnotation.m */ = {isa = PBXFileReference; fileEncoding = 4; lastKnownFileType = sourcecode.c.objc; name = KCAnnotation.m; path = ../../../../../Downloads/SchoolApp/SchoolApp/KCAnnotation.m; sourceTree = "<group>"; };
		045316331FDA07A800EA6744 /* KCMapModel.m */ = {isa = PBXFileReference; fileEncoding = 4; lastKnownFileType = sourcecode.c.objc; name = KCMapModel.m; path = ../../../../../Downloads/SchoolApp/SchoolApp/KCMapModel.m; sourceTree = "<group>"; };
		045316341FDA07A800EA6744 /* KCMapModel.h */ = {isa = PBXFileReference; fileEncoding = 4; lastKnownFileType = sourcecode.c.h; name = KCMapModel.h; path = ../../../../../Downloads/SchoolApp/SchoolApp/KCMapModel.h; sourceTree = "<group>"; };
		045316351FDA07A800EA6744 /* BBTabBarViewController.m */ = {isa = PBXFileReference; fileEncoding = 4; lastKnownFileType = sourcecode.c.objc; path = BBTabBarViewController.m; sourceTree = "<group>"; };
		045316361FDA07A800EA6744 /* MapViewController.h */ = {isa = PBXFileReference; fileEncoding = 4; lastKnownFileType = sourcecode.c.h; name = MapViewController.h; path = ../../../../../Downloads/SchoolApp/SchoolApp/MapViewController.h; sourceTree = "<group>"; };
		045316371FDA07A800EA6744 /* CourseViewController.m */ = {isa = PBXFileReference; fileEncoding = 4; lastKnownFileType = sourcecode.c.objc; name = CourseViewController.m; path = ../../../../../Downloads/SchoolApp/SchoolApp/CourseViewController.m; sourceTree = "<group>"; };
		045316381FDA07A800EA6744 /* KCCalloutAnimation.h */ = {isa = PBXFileReference; fileEncoding = 4; lastKnownFileType = sourcecode.c.h; name = KCCalloutAnimation.h; path = ../../../../../Downloads/SchoolApp/SchoolApp/KCCalloutAnimation.h; sourceTree = "<group>"; };
		045316391FDA07A900EA6744 /* BBTabBarViewController.h */ = {isa = PBXFileReference; fileEncoding = 4; lastKnownFileType = sourcecode.c.h; path = BBTabBarViewController.h; sourceTree = "<group>"; };
		0453163A1FDA07A900EA6744 /* MajorViewCell.m */ = {isa = PBXFileReference; fileEncoding = 4; lastKnownFileType = sourcecode.c.objc; name = MajorViewCell.m; path = ../../../../../Downloads/SchoolApp/SchoolApp/MajorViewCell.m; sourceTree = "<group>"; };
		0453163B1FDA07A900EA6744 /* CourseViewController.h */ = {isa = PBXFileReference; fileEncoding = 4; lastKnownFileType = sourcecode.c.h; name = CourseViewController.h; path = ../../../../../Downloads/SchoolApp/SchoolApp/CourseViewController.h; sourceTree = "<group>"; };
		0453163C1FDA07A900EA6744 /* CourseViewCell.m */ = {isa = PBXFileReference; fileEncoding = 4; lastKnownFileType = sourcecode.c.objc; name = CourseViewCell.m; path = ../../../../../Downloads/SchoolApp/SchoolApp/CourseViewCell.m; sourceTree = "<group>"; };
		0453163D1FDA07A900EA6744 /* MajorViewController.h */ = {isa = PBXFileReference; fileEncoding = 4; lastKnownFileType = sourcecode.c.h; name = MajorViewController.h; path = ../../../../../Downloads/SchoolApp/SchoolApp/MajorViewController.h; sourceTree = "<group>"; };
		0453163E1FDA07A900EA6744 /* KCAnnotation.h */ = {isa = PBXFileReference; fileEncoding = 4; lastKnownFileType = sourcecode.c.h; name = KCAnnotation.h; path = ../../../../../Downloads/SchoolApp/SchoolApp/KCAnnotation.h; sourceTree = "<group>"; };
		0453163F1FDA07A900EA6744 /* MapViewController.m */ = {isa = PBXFileReference; fileEncoding = 4; lastKnownFileType = sourcecode.c.objc; name = MapViewController.m; path = ../../../../../Downloads/SchoolApp/SchoolApp/MapViewController.m; sourceTree = "<group>"; };
		045316401FDA07A900EA6744 /* CourseViewCell.xib */ = {isa = PBXFileReference; fileEncoding = 4; lastKnownFileType = file.xib; name = CourseViewCell.xib; path = ../../../../../Downloads/SchoolApp/SchoolApp/CourseViewCell.xib; sourceTree = "<group>"; };
		045316411FDA07A900EA6744 /* KCCalloutAnimationView.h */ = {isa = PBXFileReference; fileEncoding = 4; lastKnownFileType = sourcecode.c.h; name = KCCalloutAnimationView.h; path = ../../../../../Downloads/SchoolApp/SchoolApp/KCCalloutAnimationView.h; sourceTree = "<group>"; };
		045316421FDA07A900EA6744 /* CourseViewCell.h */ = {isa = PBXFileReference; fileEncoding = 4; lastKnownFileType = sourcecode.c.h; name = CourseViewCell.h; path = ../../../../../Downloads/SchoolApp/SchoolApp/CourseViewCell.h; sourceTree = "<group>"; };
		045316431FDA07A900EA6744 /* MajorViewController.m */ = {isa = PBXFileReference; fileEncoding = 4; lastKnownFileType = sourcecode.c.objc; name = MajorViewController.m; path = ../../../../../Downloads/SchoolApp/SchoolApp/MajorViewController.m; sourceTree = "<group>"; };
		045316441FDA07A900EA6744 /* KCCalloutAnimationView.m */ = {isa = PBXFileReference; fileEncoding = 4; lastKnownFileType = sourcecode.c.objc; name = KCCalloutAnimationView.m; path = ../../../../../Downloads/SchoolApp/SchoolApp/KCCalloutAnimationView.m; sourceTree = "<group>"; };
		045316451FDA07AA00EA6744 /* MajorViewCell.h */ = {isa = PBXFileReference; fileEncoding = 4; lastKnownFileType = sourcecode.c.h; name = MajorViewCell.h; path = ../../../../../Downloads/SchoolApp/SchoolApp/MajorViewCell.h; sourceTree = "<group>"; };
		045316461FDA07AA00EA6744 /* KCCalloutAnimation.m */ = {isa = PBXFileReference; fileEncoding = 4; lastKnownFileType = sourcecode.c.objc; name = KCCalloutAnimation.m; path = ../../../../../Downloads/SchoolApp/SchoolApp/KCCalloutAnimation.m; sourceTree = "<group>"; };
		0481B9251FDA92C000EA683F /* moduleDetailModle.h */ = {isa = PBXFileReference; lastKnownFileType = sourcecode.c.h; path = moduleDetailModle.h; sourceTree = "<group>"; };
		0481B9261FDA92C000EA683F /* moduleDetailModle.m */ = {isa = PBXFileReference; lastKnownFileType = sourcecode.c.objc; path = moduleDetailModle.m; sourceTree = "<group>"; };
/* End PBXFileReference section */

/* Begin PBXFrameworksBuildPhase section */
		042436BE1FC5B4C000609850 /* Frameworks */ = {
			isa = PBXFrameworksBuildPhase;
			buildActionMask = 2147483647;
			files = (
			);
			runOnlyForDeploymentPostprocessing = 0;
		};
		042436D61FC5B4C000609850 /* Frameworks */ = {
			isa = PBXFrameworksBuildPhase;
			buildActionMask = 2147483647;
			files = (
			);
			runOnlyForDeploymentPostprocessing = 0;
		};
		042436E11FC5B4C000609850 /* Frameworks */ = {
			isa = PBXFrameworksBuildPhase;
			buildActionMask = 2147483647;
			files = (
			);
			runOnlyForDeploymentPostprocessing = 0;
		};
/* End PBXFrameworksBuildPhase section */

/* Begin PBXGroup section */
		042436B81FC5B4C000609850 = {
			isa = PBXGroup;
			children = (
				045316091FD950C300EA6744 /* Background Images */,
				042436C31FC5B4C000609850 /* Project */,
				042436DC1FC5B4C000609850 /* ProjectTests */,
				042436E71FC5B4C000609850 /* ProjectUITests */,
				042436C21FC5B4C000609850 /* Products */,
			);
			sourceTree = "<group>";
		};
		042436C21FC5B4C000609850 /* Products */ = {
			isa = PBXGroup;
			children = (
				042436C11FC5B4C000609850 /* Project.app */,
				042436D91FC5B4C000609850 /* ProjectTests.xctest */,
				042436E41FC5B4C000609850 /* ProjectUITests.xctest */,
			);
			name = Products;
			sourceTree = "<group>";
		};
		042436C31FC5B4C000609850 /* Project */ = {
			isa = PBXGroup;
			children = (
				042436C41FC5B4C000609850 /* AppDelegate.h */,
				042436C51FC5B4C000609850 /* AppDelegate.m */,
				042436C71FC5B4C000609850 /* ViewController.h */,
				042436C81FC5B4C000609850 /* ViewController.m */,
				042436CA1FC5B4C000609850 /* Main.storyboard */,
				045316391FDA07A900EA6744 /* BBTabBarViewController.h */,
				045316351FDA07A800EA6744 /* BBTabBarViewController.m */,
				0453163D1FDA07A900EA6744 /* MajorViewController.h */,
				045316431FDA07A900EA6744 /* MajorViewController.m */,
				0481B9251FDA92C000EA683F /* moduleDetailModle.h */,
				0481B9261FDA92C000EA683F /* moduleDetailModle.m */,
				045316451FDA07AA00EA6744 /* MajorViewCell.h */,
				0453163A1FDA07A900EA6744 /* MajorViewCell.m */,
				045316311FDA07A800EA6744 /* MajorViewCell.xib */,
				0453163B1FDA07A900EA6744 /* CourseViewController.h */,
				045316371FDA07A800EA6744 /* CourseViewController.m */,
				045316421FDA07A900EA6744 /* CourseViewCell.h */,
				0453163C1FDA07A900EA6744 /* CourseViewCell.m */,
				045316401FDA07A900EA6744 /* CourseViewCell.xib */,
				045316361FDA07A800EA6744 /* MapViewController.h */,
				0453163F1FDA07A900EA6744 /* MapViewController.m */,
				045316341FDA07A800EA6744 /* KCMapModel.h */,
				045316331FDA07A800EA6744 /* KCMapModel.m */,
				045316381FDA07A800EA6744 /* KCCalloutAnimation.h */,
				045316461FDA07AA00EA6744 /* KCCalloutAnimation.m */,
				045316411FDA07A900EA6744 /* KCCalloutAnimationView.h */,
				045316441FDA07A900EA6744 /* KCCalloutAnimationView.m */,
				0453163E1FDA07A900EA6744 /* KCAnnotation.h */,
				045316321FDA07A800EA6744 /* KCAnnotation.m */,
				042436CD1FC5B4C000609850 /* Assets.xcassets */,
				042436CF1FC5B4C000609850 /* LaunchScreen.storyboard */,
				042436D21FC5B4C000609850 /* Info.plist */,
				042436D31FC5B4C000609850 /* main.m */,
			);
			path = Project;
			sourceTree = "<group>";
		};
		042436DC1FC5B4C000609850 /* ProjectTests */ = {
			isa = PBXGroup;
			children = (
				042436DD1FC5B4C000609850 /* ProjectTests.m */,
				042436DF1FC5B4C000609850 /* Info.plist */,
			);
			path = ProjectTests;
			sourceTree = "<group>";
		};
		042436E71FC5B4C000609850 /* ProjectUITests */ = {
			isa = PBXGroup;
			children = (
				042436E81FC5B4C000609850 /* ProjectUITests.m */,
				042436EA1FC5B4C000609850 /* Info.plist */,
			);
			path = ProjectUITests;
			sourceTree = "<group>";
		};
		045316091FD950C300EA6744 /* Background Images */ = {
			isa = PBXGroup;
			children = (
				0453160A1FD9513900EA6744 /* button.png */,
			);
			path = "Background Images";
			sourceTree = "<group>";
		};
/* End PBXGroup section */

/* Begin PBXNativeTarget section */
		042436C01FC5B4C000609850 /* Project */ = {
			isa = PBXNativeTarget;
			buildConfigurationList = 042436ED1FC5B4C000609850 /* Build configuration list for PBXNativeTarget "Project" */;
			buildPhases = (
				042436BD1FC5B4C000609850 /* Sources */,
				042436BE1FC5B4C000609850 /* Frameworks */,
				042436BF1FC5B4C000609850 /* Resources */,
			);
			buildRules = (
			);
			dependencies = (
			);
			name = Project;
			productName = Project;
			productReference = 042436C11FC5B4C000609850 /* Project.app */;
			productType = "com.apple.product-type.application";
		};
		042436D81FC5B4C000609850 /* ProjectTests */ = {
			isa = PBXNativeTarget;
			buildConfigurationList = 042436F01FC5B4C000609850 /* Build configuration list for PBXNativeTarget "ProjectTests" */;
			buildPhases = (
				042436D51FC5B4C000609850 /* Sources */,
				042436D61FC5B4C000609850 /* Frameworks */,
				042436D71FC5B4C000609850 /* Resources */,
			);
			buildRules = (
			);
			dependencies = (
				042436DB1FC5B4C000609850 /* PBXTargetDependency */,
			);
			name = ProjectTests;
			productName = ProjectTests;
			productReference = 042436D91FC5B4C000609850 /* ProjectTests.xctest */;
			productType = "com.apple.product-type.bundle.unit-test";
		};
		042436E31FC5B4C000609850 /* ProjectUITests */ = {
			isa = PBXNativeTarget;
			buildConfigurationList = 042436F31FC5B4C000609850 /* Build configuration list for PBXNativeTarget "ProjectUITests" */;
			buildPhases = (
				042436E01FC5B4C000609850 /* Sources */,
				042436E11FC5B4C000609850 /* Frameworks */,
				042436E21FC5B4C000609850 /* Resources */,
			);
			buildRules = (
			);
			dependencies = (
				042436E61FC5B4C000609850 /* PBXTargetDependency */,
			);
			name = ProjectUITests;
			productName = ProjectUITests;
			productReference = 042436E41FC5B4C000609850 /* ProjectUITests.xctest */;
			productType = "com.apple.product-type.bundle.ui-testing";
		};
/* End PBXNativeTarget section */

/* Begin PBXProject section */
		042436B91FC5B4C000609850 /* Project object */ = {
			isa = PBXProject;
			attributes = {
				LastUpgradeCheck = 0910;
				ORGANIZATIONNAME = "University of Leeds";
				TargetAttributes = {
					042436C01FC5B4C000609850 = {
						CreatedOnToolsVersion = 9.1;
						ProvisioningStyle = Automatic;
					};
					042436D81FC5B4C000609850 = {
						CreatedOnToolsVersion = 9.1;
						ProvisioningStyle = Automatic;
						TestTargetID = 042436C01FC5B4C000609850;
					};
					042436E31FC5B4C000609850 = {
						CreatedOnToolsVersion = 9.1;
						ProvisioningStyle = Automatic;
						TestTargetID = 042436C01FC5B4C000609850;
					};
				};
			};
			buildConfigurationList = 042436BC1FC5B4C000609850 /* Build configuration list for PBXProject "Project" */;
			compatibilityVersion = "Xcode 8.0";
			developmentRegion = en;
			hasScannedForEncodings = 0;
			knownRegions = (
				en,
				Base,
			);
			mainGroup = 042436B81FC5B4C000609850;
			productRefGroup = 042436C21FC5B4C000609850 /* Products */;
			projectDirPath = "";
			projectRoot = "";
			targets = (
				042436C01FC5B4C000609850 /* Project */,
				042436D81FC5B4C000609850 /* ProjectTests */,
				042436E31FC5B4C000609850 /* ProjectUITests */,
			);
		};
/* End PBXProject section */

/* Begin PBXResourcesBuildPhase section */
		042436BF1FC5B4C000609850 /* Resources */ = {
			isa = PBXResourcesBuildPhase;
			buildActionMask = 2147483647;
			files = (
				045316471FDA07AA00EA6744 /* MajorViewCell.xib in Resources */,
				042436D11FC5B4C000609850 /* LaunchScreen.storyboard in Resources */,
				0453160B1FD9513900EA6744 /* button.png in Resources */,
				0453164F1FDA07AA00EA6744 /* CourseViewCell.xib in Resources */,
				042436CE1FC5B4C000609850 /* Assets.xcassets in Resources */,
				042436CC1FC5B4C000609850 /* Main.storyboard in Resources */,
			);
			runOnlyForDeploymentPostprocessing = 0;
		};
		042436D71FC5B4C000609850 /* Resources */ = {
			isa = PBXResourcesBuildPhase;
			buildActionMask = 2147483647;
			files = (
			);
			runOnlyForDeploymentPostprocessing = 0;
		};
		042436E21FC5B4C000609850 /* Resources */ = {
			isa = PBXResourcesBuildPhase;
			buildActionMask = 2147483647;
			files = (
			);
			runOnlyForDeploymentPostprocessing = 0;
		};
/* End PBXResourcesBuildPhase section */

/* Begin PBXSourcesBuildPhase section */
		042436BD1FC5B4C000609850 /* Sources */ = {
			isa = PBXSourcesBuildPhase;
			buildActionMask = 2147483647;
			files = (
				045316491FDA07AA00EA6744 /* KCMapModel.m in Sources */,
				045316501FDA07AA00EA6744 /* MajorViewController.m in Sources */,
				042436C91FC5B4C000609850 /* ViewController.m in Sources */,
				042436D41FC5B4C000609850 /* main.m in Sources */,
				045316521FDA07AA00EA6744 /* KCCalloutAnimation.m in Sources */,
				045316511FDA07AA00EA6744 /* KCCalloutAnimationView.m in Sources */,
				045316481FDA07AA00EA6744 /* KCAnnotation.m in Sources */,
				0453164B1FDA07AA00EA6744 /* CourseViewController.m in Sources */,
				0453164D1FDA07AA00EA6744 /* CourseViewCell.m in Sources */,
				0453164A1FDA07AA00EA6744 /* BBTabBarViewController.m in Sources */,
				0453164E1FDA07AA00EA6744 /* MapViewController.m in Sources */,
				0453164C1FDA07AA00EA6744 /* MajorViewCell.m in Sources */,
				0481B9271FDA92C000EA683F /* moduleDetailModle.m in Sources */,
				042436C61FC5B4C000609850 /* AppDelegate.m in Sources */,
			);
			runOnlyForDeploymentPostprocessing = 0;
		};
		042436D51FC5B4C000609850 /* Sources */ = {
			isa = PBXSourcesBuildPhase;
			buildActionMask = 2147483647;
			files = (
				042436DE1FC5B4C000609850 /* ProjectTests.m in Sources */,
			);
			runOnlyForDeploymentPostprocessing = 0;
		};
		042436E01FC5B4C000609850 /* Sources */ = {
			isa = PBXSourcesBuildPhase;
			buildActionMask = 2147483647;
			files = (
				042436E91FC5B4C000609850 /* ProjectUITests.m in Sources */,
			);
			runOnlyForDeploymentPostprocessing = 0;
		};
/* End PBXSourcesBuildPhase section */

/* Begin PBXTargetDependency section */
		042436DB1FC5B4C000609850 /* PBXTargetDependency */ = {
			isa = PBXTargetDependency;
			target = 042436C01FC5B4C000609850 /* Project */;
			targetProxy = 042436DA1FC5B4C000609850 /* PBXContainerItemProxy */;
		};
		042436E61FC5B4C000609850 /* PBXTargetDependency */ = {
			isa = PBXTargetDependency;
			target = 042436C01FC5B4C000609850 /* Project */;
			targetProxy = 042436E51FC5B4C000609850 /* PBXContainerItemProxy */;
		};
/* End PBXTargetDependency section */

/* Begin PBXVariantGroup section */
		042436CA1FC5B4C000609850 /* Main.storyboard */ = {
			isa = PBXVariantGroup;
			children = (
				042436CB1FC5B4C000609850 /* Base */,
			);
			name = Main.storyboard;
			sourceTree = "<group>";
		};
		042436CF1FC5B4C000609850 /* LaunchScreen.storyboard */ = {
			isa = PBXVariantGroup;
			children = (
				042436D01FC5B4C000609850 /* Base */,
			);
			name = LaunchScreen.storyboard;
			sourceTree = "<group>";
		};
/* End PBXVariantGroup section */

/* Begin XCBuildConfiguration section */
		042436EB1FC5B4C000609850 /* Debug */ = {
			isa = XCBuildConfiguration;
			buildSettings = {
				ALWAYS_SEARCH_USER_PATHS = NO;
				CLANG_ANALYZER_NONNULL = YES;
				CLANG_ANALYZER_NUMBER_OBJECT_CONVERSION = YES_AGGRESSIVE;
				CLANG_CXX_LANGUAGE_STANDARD = "gnu++14";
				CLANG_CXX_LIBRARY = "libc++";
				CLANG_ENABLE_MODULES = YES;
				CLANG_ENABLE_OBJC_ARC = YES;
				CLANG_WARN_BLOCK_CAPTURE_AUTORELEASING = YES;
				CLANG_WARN_BOOL_CONVERSION = YES;
				CLANG_WARN_COMMA = YES;
				CLANG_WARN_CONSTANT_CONVERSION = YES;
				CLANG_WARN_DIRECT_OBJC_ISA_USAGE = YES_ERROR;
				CLANG_WARN_DOCUMENTATION_COMMENTS = YES;
				CLANG_WARN_EMPTY_BODY = YES;
				CLANG_WARN_ENUM_CONVERSION = YES;
				CLANG_WARN_INFINITE_RECURSION = YES;
				CLANG_WARN_INT_CONVERSION = YES;
				CLANG_WARN_NON_LITERAL_NULL_CONVERSION = YES;
				CLANG_WARN_OBJC_LITERAL_CONVERSION = YES;
				CLANG_WARN_OBJC_ROOT_CLASS = YES_ERROR;
				CLANG_WARN_RANGE_LOOP_ANALYSIS = YES;
				CLANG_WARN_STRICT_PROTOTYPES = YES;
				CLANG_WARN_SUSPICIOUS_MOVE = YES;
				CLANG_WARN_UNGUARDED_AVAILABILITY = YES_AGGRESSIVE;
				CLANG_WARN_UNREACHABLE_CODE = YES;
				CLANG_WARN__DUPLICATE_METHOD_MATCH = YES;
				CODE_SIGN_IDENTITY = "iPhone Developer";
				COPY_PHASE_STRIP = NO;
				DEBUG_INFORMATION_FORMAT = dwarf;
				ENABLE_STRICT_OBJC_MSGSEND = YES;
				ENABLE_TESTABILITY = YES;
				GCC_C_LANGUAGE_STANDARD = gnu11;
				GCC_DYNAMIC_NO_PIC = NO;
				GCC_NO_COMMON_BLOCKS = YES;
				GCC_OPTIMIZATION_LEVEL = 0;
				GCC_PREPROCESSOR_DEFINITIONS = (
					"DEBUG=1",
					"$(inherited)",
				);
				GCC_WARN_64_TO_32_BIT_CONVERSION = YES;
				GCC_WARN_ABOUT_RETURN_TYPE = YES_ERROR;
				GCC_WARN_UNDECLARED_SELECTOR = YES;
				GCC_WARN_UNINITIALIZED_AUTOS = YES_AGGRESSIVE;
				GCC_WARN_UNUSED_FUNCTION = YES;
				GCC_WARN_UNUSED_VARIABLE = YES;
				IPHONEOS_DEPLOYMENT_TARGET = 11.1;
				MTL_ENABLE_DEBUG_INFO = YES;
				ONLY_ACTIVE_ARCH = YES;
				SDKROOT = iphoneos;
			};
			name = Debug;
		};
		042436EC1FC5B4C000609850 /* Release */ = {
			isa = XCBuildConfiguration;
			buildSettings = {
				ALWAYS_SEARCH_USER_PATHS = NO;
				CLANG_ANALYZER_NONNULL = YES;
				CLANG_ANALYZER_NUMBER_OBJECT_CONVERSION = YES_AGGRESSIVE;
				CLANG_CXX_LANGUAGE_STANDARD = "gnu++14";
				CLANG_CXX_LIBRARY = "libc++";
				CLANG_ENABLE_MODULES = YES;
				CLANG_ENABLE_OBJC_ARC = YES;
				CLANG_WARN_BLOCK_CAPTURE_AUTORELEASING = YES;
				CLANG_WARN_BOOL_CONVERSION = YES;
				CLANG_WARN_COMMA = YES;
				CLANG_WARN_CONSTANT_CONVERSION = YES;
				CLANG_WARN_DIRECT_OBJC_ISA_USAGE = YES_ERROR;
				CLANG_WARN_DOCUMENTATION_COMMENTS = YES;
				CLANG_WARN_EMPTY_BODY = YES;
				CLANG_WARN_ENUM_CONVERSION = YES;
				CLANG_WARN_INFINITE_RECURSION = YES;
				CLANG_WARN_INT_CONVERSION = YES;
				CLANG_WARN_NON_LITERAL_NULL_CONVERSION = YES;
				CLANG_WARN_OBJC_LITERAL_CONVERSION = YES;
				CLANG_WARN_OBJC_ROOT_CLASS = YES_ERROR;
				CLANG_WARN_RANGE_LOOP_ANALYSIS = YES;
				CLANG_WARN_STRICT_PROTOTYPES = YES;
				CLANG_WARN_SUSPICIOUS_MOVE = YES;
				CLANG_WARN_UNGUARDED_AVAILABILITY = YES_AGGRESSIVE;
				CLANG_WARN_UNREACHABLE_CODE = YES;
				CLANG_WARN__DUPLICATE_METHOD_MATCH = YES;
				CODE_SIGN_IDENTITY = "iPhone Developer";
				COPY_PHASE_STRIP = NO;
				DEBUG_INFORMATION_FORMAT = "dwarf-with-dsym";
				ENABLE_NS_ASSERTIONS = NO;
				ENABLE_STRICT_OBJC_MSGSEND = YES;
				GCC_C_LANGUAGE_STANDARD = gnu11;
				GCC_NO_COMMON_BLOCKS = YES;
				GCC_WARN_64_TO_32_BIT_CONVERSION = YES;
				GCC_WARN_ABOUT_RETURN_TYPE = YES_ERROR;
				GCC_WARN_UNDECLARED_SELECTOR = YES;
				GCC_WARN_UNINITIALIZED_AUTOS = YES_AGGRESSIVE;
				GCC_WARN_UNUSED_FUNCTION = YES;
				GCC_WARN_UNUSED_VARIABLE = YES;
				IPHONEOS_DEPLOYMENT_TARGET = 11.1;
				MTL_ENABLE_DEBUG_INFO = NO;
				SDKROOT = iphoneos;
				VALIDATE_PRODUCT = YES;
			};
			name = Release;
		};
		042436EE1FC5B4C000609850 /* Debug */ = {
			isa = XCBuildConfiguration;
			buildSettings = {
				ASSETCATALOG_COMPILER_APPICON_NAME = AppIcon;
				CODE_SIGN_STYLE = Automatic;
				INFOPLIST_FILE = Project/Info.plist;
				LD_RUNPATH_SEARCH_PATHS = "$(inherited) @executable_path/Frameworks";
				PRODUCT_BUNDLE_IDENTIFIER = uk.ac.leeds.Project;
				PRODUCT_NAME = "$(TARGET_NAME)";
				TARGETED_DEVICE_FAMILY = "1,2";
			};
			name = Debug;
		};
		042436EF1FC5B4C000609850 /* Release */ = {
			isa = XCBuildConfiguration;
			buildSettings = {
				ASSETCATALOG_COMPILER_APPICON_NAME = AppIcon;
				CODE_SIGN_STYLE = Automatic;
				INFOPLIST_FILE = Project/Info.plist;
				LD_RUNPATH_SEARCH_PATHS = "$(inherited) @executable_path/Frameworks";
				PRODUCT_BUNDLE_IDENTIFIER = uk.ac.leeds.Project;
				PRODUCT_NAME = "$(TARGET_NAME)";
				TARGETED_DEVICE_FAMILY = "1,2";
			};
			name = Release;
		};
		042436F11FC5B4C000609850 /* Debug */ = {
			isa = XCBuildConfiguration;
			buildSettings = {
				BUNDLE_LOADER = "$(TEST_HOST)";
				CODE_SIGN_STYLE = Automatic;
				INFOPLIST_FILE = ProjectTests/Info.plist;
				LD_RUNPATH_SEARCH_PATHS = "$(inherited) @executable_path/Frameworks @loader_path/Frameworks";
				PRODUCT_BUNDLE_IDENTIFIER = uk.ac.leeds.ProjectTests;
				PRODUCT_NAME = "$(TARGET_NAME)";
				TARGETED_DEVICE_FAMILY = "1,2";
				TEST_HOST = "$(BUILT_PRODUCTS_DIR)/Project.app/Project";
			};
			name = Debug;
		};
		042436F21FC5B4C000609850 /* Release */ = {
			isa = XCBuildConfiguration;
			buildSettings = {
				BUNDLE_LOADER = "$(TEST_HOST)";
				CODE_SIGN_STYLE = Automatic;
				INFOPLIST_FILE = ProjectTests/Info.plist;
				LD_RUNPATH_SEARCH_PATHS = "$(inherited) @executable_path/Frameworks @loader_path/Frameworks";
				PRODUCT_BUNDLE_IDENTIFIER = uk.ac.leeds.ProjectTests;
				PRODUCT_NAME = "$(TARGET_NAME)";
				TARGETED_DEVICE_FAMILY = "1,2";
				TEST_HOST = "$(BUILT_PRODUCTS_DIR)/Project.app/Project";
			};
			name = Release;
		};
		042436F41FC5B4C000609850 /* Debug */ = {
			isa = XCBuildConfiguration;
			buildSettings = {
				CODE_SIGN_STYLE = Automatic;
				INFOPLIST_FILE = ProjectUITests/Info.plist;
				LD_RUNPATH_SEARCH_PATHS = "$(inherited) @executable_path/Frameworks @loader_path/Frameworks";
				PRODUCT_BUNDLE_IDENTIFIER = uk.ac.leeds.ProjectUITests;
				PRODUCT_NAME = "$(TARGET_NAME)";
				TARGETED_DEVICE_FAMILY = "1,2";
				TEST_TARGET_NAME = Project;
			};
			name = Debug;
		};
		042436F51FC5B4C000609850 /* Release */ = {
			isa = XCBuildConfiguration;
			buildSettings = {
				CODE_SIGN_STYLE = Automatic;
				INFOPLIST_FILE = ProjectUITests/Info.plist;
				LD_RUNPATH_SEARCH_PATHS = "$(inherited) @executable_path/Frameworks @loader_path/Frameworks";
				PRODUCT_BUNDLE_IDENTIFIER = uk.ac.leeds.ProjectUITests;
				PRODUCT_NAME = "$(TARGET_NAME)";
				TARGETED_DEVICE_FAMILY = "1,2";
				TEST_TARGET_NAME = Project;
			};
			name = Release;
		};
/* End XCBuildConfiguration section */

/* Begin XCConfigurationList section */
		042436BC1FC5B4C000609850 /* Build configuration list for PBXProject "Project" */ = {
			isa = XCConfigurationList;
			buildConfigurations = (
				042436EB1FC5B4C000609850 /* Debug */,
				042436EC1FC5B4C000609850 /* Release */,
			);
			defaultConfigurationIsVisible = 0;
			defaultConfigurationName = Release;
		};
		042436ED1FC5B4C000609850 /* Build configuration list for PBXNativeTarget "Project" */ = {
			isa = XCConfigurationList;
			buildConfigurations = (
				042436EE1FC5B4C000609850 /* Debug */,
				042436EF1FC5B4C000609850 /* Release */,
			);
			defaultConfigurationIsVisible = 0;
			defaultConfigurationName = Release;
		};
		042436F01FC5B4C000609850 /* Build configuration list for PBXNativeTarget "ProjectTests" */ = {
			isa = XCConfigurationList;
			buildConfigurations = (
				042436F11FC5B4C000609850 /* Debug */,
				042436F21FC5B4C000609850 /* Release */,
			);
			defaultConfigurationIsVisible = 0;
			defaultConfigurationName = Release;
		};
		042436F31FC5B4C000609850 /* Build configuration list for PBXNativeTarget "ProjectUITests" */ = {
			isa = XCConfigurationList;
			buildConfigurations = (
				042436F41FC5B4C000609850 /* Debug */,
				042436F51FC5B4C000609850 /* Release */,
			);
			defaultConfigurationIsVisible = 0;
			defaultConfigurationName = Release;
		};
/* End XCConfigurationList section */
	};
	rootObject = 042436B91FC5B4C000609850 /* Project object */;
}
